
Microsoft Visual Studio Solution File, Format Version 12.00
# Visual Studio Version 17
VisualStudioVersion = 17.8.34525.116
MinimumVisualStudioVersion = 10.0.40219.1
Project("{FAE04EC0-301F-11D3-BF4B-00C04F79EFBC}") = "ManagementProduct", "ManagementProduct\ManagementProduct.csproj", "{60EA1A13-8062-4C4E-B986-B1956D5ACECC}"
EndProject
Global
	GlobalSection(SolutionConfigurationPlatforms) = preSolution
		Debug|Any CPU = Debug|Any CPU
		Release|Any CPU = Release|Any CPU
	EndGlobalSection
	GlobalSection(ProjectConfigurationPlatforms) = postSolution
		{60EA1A13-8062-4C4E-B986-B1956D5ACECC}.Debug|Any CPU.ActiveCfg = Debug|Any CPU
		{60EA1A13-8062-4C4E-B986-B1956D5ACECC}.Debug|Any CPU.Build.0 = Debug|Any CPU
		{60EA1A13-8062-4C4E-B986-B1956D5ACECC}.Release|Any CPU.ActiveCfg = Release|Any CPU
		{60EA1A13-8062-4C4E-B986-B1956D5ACECC}.Release|Any CPU.Build.0 = Release|Any CPU
	EndGlobalSection
	GlobalSection(SolutionProperties) = preSolution
		HideSolutionNode = FALSE
	EndGlobalSection
	GlobalSection(ExtensibilityGlobals) = postSolution
		SolutionGuid = {0AA62B17-D949-4955-9BC1-3BAA7698719F}
	EndGlobalSection
EndGlobal
